
Microsoft Visual Studio Solution File, Format Version 12.00
# Visual Studio Version 17
VisualStudioVersion = 17.8.34330.188
MinimumVisualStudioVersion = 10.0.40219.1
Project("{FAE04EC0-301F-11D3-BF4B-00C04F79EFBC}") = "PE2Textfile", "PE2Textfile\PE2Textfile.csproj", "{FF63709D-FDFF-471F-B689-08074F5E773B}"
EndProject
Global
	GlobalSection(SolutionConfigurationPlatforms) = preSolution
		Debug|Any CPU = Debug|Any CPU
		Release|Any CPU = Release|Any CPU
	EndGlobalSection
	GlobalSection(ProjectConfigurationPlatforms) = postSolution
		{FF63709D-FDFF-471F-B689-08074F5E773B}.Debug|Any CPU.ActiveCfg = Debug|Any CPU
		{FF63709D-FDFF-471F-B689-08074F5E773B}.Debug|Any CPU.Build.0 = Debug|Any CPU
		{FF63709D-FDFF-471F-B689-08074F5E773B}.Release|Any CPU.ActiveCfg = Release|Any CPU
		{FF63709D-FDFF-471F-B689-08074F5E773B}.Release|Any CPU.Build.0 = Release|Any CPU
	EndGlobalSection
	GlobalSection(SolutionProperties) = preSolution
		HideSolutionNode = FALSE
	EndGlobalSection
	GlobalSection(ExtensibilityGlobals) = postSolution
		SolutionGuid = {80BCDF07-043A-47E6-8403-2159C83BD543}
	EndGlobalSection
EndGlobal
